
Microsoft Visual Studio Solution File, Format Version 12.00
# Visual Studio Version 17
VisualStudioVersion = 17.0.32014.148
MinimumVisualStudioVersion = 10.0.40219.1
Project("{FAE04EC0-301F-11D3-BF4B-00C04F79EFBC}") = "medical_appointment_booking", "medical_appointment_booking\medical_appointment_booking.csproj", "{AE714778-4700-405B-B38E-EDC9DD984502}"
EndProject
Global
	GlobalSection(SolutionConfigurationPlatforms) = preSolution
		Debug|Any CPU = Debug|Any CPU
		Release|Any CPU = Release|Any CPU
	EndGlobalSection
	GlobalSection(ProjectConfigurationPlatforms) = postSolution
		{AE714778-4700-405B-B38E-EDC9DD984502}.Debug|Any CPU.ActiveCfg = Debug|Any CPU
		{AE714778-4700-405B-B38E-EDC9DD984502}.Debug|Any CPU.Build.0 = Debug|Any CPU
		{AE714778-4700-405B-B38E-EDC9DD984502}.Release|Any CPU.ActiveCfg = Release|Any CPU
		{AE714778-4700-405B-B38E-EDC9DD984502}.Release|Any CPU.Build.0 = Release|Any CPU
	EndGlobalSection
	GlobalSection(SolutionProperties) = preSolution
		HideSolutionNode = FALSE
	EndGlobalSection
	GlobalSection(ExtensibilityGlobals) = postSolution
		SolutionGuid = {03C85C87-627A-45AE-BA37-5DD5FF1AC781}
	EndGlobalSection
EndGlobal
